
Microsoft Visual Studio Solution File, Format Version 12.00
# Visual Studio Version 16
VisualStudioVersion = 16.0.31702.278
MinimumVisualStudioVersion = 10.0.40219.1
Project("{FAE04EC0-301F-11D3-BF4B-00C04F79EFBC}") = "DesignPattern3", "DesignPattern3.csproj", "{771425B6-C4F3-4676-BD2D-F31ADB63C700}"
EndProject
Global
	GlobalSection(SolutionConfigurationPlatforms) = preSolution
		Debug|Any CPU = Debug|Any CPU
		Release|Any CPU = Release|Any CPU
	EndGlobalSection
	GlobalSection(ProjectConfigurationPlatforms) = postSolution
		{771425B6-C4F3-4676-BD2D-F31ADB63C700}.Debug|Any CPU.ActiveCfg = Debug|Any CPU
		{771425B6-C4F3-4676-BD2D-F31ADB63C700}.Debug|Any CPU.Build.0 = Debug|Any CPU
		{771425B6-C4F3-4676-BD2D-F31ADB63C700}.Release|Any CPU.ActiveCfg = Release|Any CPU
		{771425B6-C4F3-4676-BD2D-F31ADB63C700}.Release|Any CPU.Build.0 = Release|Any CPU
	EndGlobalSection
	GlobalSection(SolutionProperties) = preSolution
		HideSolutionNode = FALSE
	EndGlobalSection
	GlobalSection(ExtensibilityGlobals) = postSolution
		SolutionGuid = {F9829B16-C111-4F6F-88EA-36B45682F564}
	EndGlobalSection
EndGlobal
